
Microsoft Visual Studio Solution File, Format Version 12.00
# Visual Studio 15
VisualStudioVersion = 15.0.28307.271
MinimumVisualStudioVersion = 10.0.40219.1
Project("{FAE04EC0-301F-11D3-BF4B-00C04F79EFBC}") = "UczenieClass", "UczenieClass\UczenieClass.csproj", "{48541EB4-FF4F-4AB1-8A4A-0E390C60F8E8}"
EndProject
Global
	GlobalSection(SolutionConfigurationPlatforms) = preSolution
		Debug|Any CPU = Debug|Any CPU
		Release|Any CPU = Release|Any CPU
	EndGlobalSection
	GlobalSection(ProjectConfigurationPlatforms) = postSolution
		{48541EB4-FF4F-4AB1-8A4A-0E390C60F8E8}.Debug|Any CPU.ActiveCfg = Debug|Any CPU
		{48541EB4-FF4F-4AB1-8A4A-0E390C60F8E8}.Debug|Any CPU.Build.0 = Debug|Any CPU
		{48541EB4-FF4F-4AB1-8A4A-0E390C60F8E8}.Release|Any CPU.ActiveCfg = Release|Any CPU
		{48541EB4-FF4F-4AB1-8A4A-0E390C60F8E8}.Release|Any CPU.Build.0 = Release|Any CPU
	EndGlobalSection
	GlobalSection(SolutionProperties) = preSolution
		HideSolutionNode = FALSE
	EndGlobalSection
	GlobalSection(ExtensibilityGlobals) = postSolution
		SolutionGuid = {C776ABDD-956C-4F89-B9C8-29CA6692CFCB}
	EndGlobalSection
EndGlobal
